
Microsoft Visual Studio Solution File, Format Version 12.00
# Visual Studio Version 16
VisualStudioVersion = 16.0.29905.134
MinimumVisualStudioVersion = 10.0.40219.1
Project("{8BC9CEB8-8B4A-11D0-8D11-00A0C91BC942}") = "Ingnomia", "Ingnomia.vcxproj", "{B12702AD-ABFB-343A-A199-8E24837244A3}"
EndProject
Project("{FAE04EC0-301F-11D3-BF4B-00C04F79EFBC}") = "gui", "gui\gui.csproj", "{8429DBC8-7A07-466F-B814-C5F158CF0A65}"
EndProject
Global
	GlobalSection(SolutionConfigurationPlatforms) = preSolution
		Debug|Any CPU = Debug|Any CPU
		Debug|x64 = Debug|x64
		Release|Any CPU = Release|Any CPU
		Release|x64 = Release|x64
	EndGlobalSection
	GlobalSection(ProjectConfigurationPlatforms) = postSolution
		{B12702AD-ABFB-343A-A199-8E24837244A3}.Debug|Any CPU.ActiveCfg = Debug|x64
		{B12702AD-ABFB-343A-A199-8E24837244A3}.Debug|x64.ActiveCfg = Debug|x64
		{B12702AD-ABFB-343A-A199-8E24837244A3}.Debug|x64.Build.0 = Debug|x64
		{B12702AD-ABFB-343A-A199-8E24837244A3}.Release|Any CPU.ActiveCfg = Release|x64
		{B12702AD-ABFB-343A-A199-8E24837244A3}.Release|x64.ActiveCfg = Release|x64
		{B12702AD-ABFB-343A-A199-8E24837244A3}.Release|x64.Build.0 = Release|x64
		{8429DBC8-7A07-466F-B814-C5F158CF0A65}.Debug|Any CPU.ActiveCfg = Debug|Any CPU
		{8429DBC8-7A07-466F-B814-C5F158CF0A65}.Debug|Any CPU.Build.0 = Debug|Any CPU
		{8429DBC8-7A07-466F-B814-C5F158CF0A65}.Debug|x64.ActiveCfg = Debug|Any CPU
		{8429DBC8-7A07-466F-B814-C5F158CF0A65}.Debug|x64.Build.0 = Debug|Any CPU
		{8429DBC8-7A07-466F-B814-C5F158CF0A65}.Release|Any CPU.ActiveCfg = Release|Any CPU
		{8429DBC8-7A07-466F-B814-C5F158CF0A65}.Release|Any CPU.Build.0 = Release|Any CPU
		{8429DBC8-7A07-466F-B814-C5F158CF0A65}.Release|x64.ActiveCfg = Release|Any CPU
		{8429DBC8-7A07-466F-B814-C5F158CF0A65}.Release|x64.Build.0 = Release|Any CPU
	EndGlobalSection
	GlobalSection(SolutionProperties) = preSolution
		HideSolutionNode = FALSE
	EndGlobalSection
	GlobalSection(ExtensibilityGlobals) = postSolution
		SolutionGuid = {56E7DD73-3247-480D-B9C1-847C086C6BAB}
	EndGlobalSection
EndGlobal
